// !$*UTF8*$!
{
	archiveVersion = 1;
	classes = {
	};
	objectVersion = 46;
	objects = {

/* Begin PBXBuildFile section */
		CD3D8AC21B78078C00F7610B /* AppDelegate.swift in Sources */ = {isa = PBXBuildFile; fileRef = CD3D8AC11B78078C00F7610B /* AppDelegate.swift */; };
		CD3D8AC51B78078C00F7610B /* Formless.xcdatamodeld in Sources */ = {isa = PBXBuildFile; fileRef = CD3D8AC31B78078C00F7610B /* Formless.xcdatamodeld */; };
		CD3D8ACC1B78078C00F7610B /* Images.xcassets in Resources */ = {isa = PBXBuildFile; fileRef = CD3D8ACB1B78078C00F7610B /* Images.xcassets */; };
		CD3D8ACF1B78078C00F7610B /* LaunchScreen.xib in Resources */ = {isa = PBXBuildFile; fileRef = CD3D8ACD1B78078C00F7610B /* LaunchScreen.xib */; };
		CD3D8ADB1B78078C00F7610B /* FormlessTests.swift in Sources */ = {isa = PBXBuildFile; fileRef = CD3D8ADA1B78078C00F7610B /* FormlessTests.swift */; };
		CD3D8AE91B782F9300F7610B /* RootViewController.swift in Sources */ = {isa = PBXBuildFile; fileRef = CD3D8AE81B782F9300F7610B /* RootViewController.swift */; };
		CD3D8AED1B782FD400F7610B /* CityViewController.swift in Sources */ = {isa = PBXBuildFile; fileRef = CD3D8AEC1B782FD400F7610B /* CityViewController.swift */; };
		CD3D8AF11B7835B100F7610B /* CitySearchView.swift in Sources */ = {isa = PBXBuildFile; fileRef = CD3D8AF01B7835B100F7610B /* CitySearchView.swift */; };
		CD3D8AF51B783A1100F7610B /* SearchView.swift in Sources */ = {isa = PBXBuildFile; fileRef = CD3D8AF41B783A1100F7610B /* SearchView.swift */; };
		CD3D8AF71B786F0600F7610B /* TableView.swift in Sources */ = {isa = PBXBuildFile; fileRef = CD3D8AF61B786F0600F7610B /* TableView.swift */; };
		CD3D8AFA1B786F8400F7610B /* TableViewCell.swift in Sources */ = {isa = PBXBuildFile; fileRef = CD3D8AF91B786F8400F7610B /* TableViewCell.swift */; };
		CD3D8AFD1B78716B00F7610B /* CMLText.swift in Sources */ = {isa = PBXBuildFile; fileRef = CD3D8AFC1B78716B00F7610B /* CMLText.swift */; };
/* End PBXBuildFile section */

/* Begin PBXContainerItemProxy section */
		CD3D8AD51B78078C00F7610B /* PBXContainerItemProxy */ = {
			isa = PBXContainerItemProxy;
			containerPortal = CD3D8AB41B78078C00F7610B /* Project object */;
			proxyType = 1;
			remoteGlobalIDString = CD3D8ABB1B78078C00F7610B;
			remoteInfo = Formless;
		};
/* End PBXContainerItemProxy section */

/* Begin PBXFileReference section */
		CD3D8ABC1B78078C00F7610B /* Formless.app */ = {isa = PBXFileReference; explicitFileType = wrapper.application; includeInIndex = 0; path = Formless.app; sourceTree = BUILT_PRODUCTS_DIR; };
		CD3D8AC01B78078C00F7610B /* Info.plist */ = {isa = PBXFileReference; lastKnownFileType = text.plist.xml; path = Info.plist; sourceTree = "<group>"; };
		CD3D8AC11B78078C00F7610B /* AppDelegate.swift */ = {isa = PBXFileReference; lastKnownFileType = sourcecode.swift; path = AppDelegate.swift; sourceTree = "<group>"; };
		CD3D8AC41B78078C00F7610B /* Formless.xcdatamodel */ = {isa = PBXFileReference; lastKnownFileType = wrapper.xcdatamodel; path = Formless.xcdatamodel; sourceTree = "<group>"; };
		CD3D8ACB1B78078C00F7610B /* Images.xcassets */ = {isa = PBXFileReference; lastKnownFileType = folder.assetcatalog; path = Images.xcassets; sourceTree = "<group>"; };
		CD3D8ACE1B78078C00F7610B /* Base */ = {isa = PBXFileReference; lastKnownFileType = file.xib; name = Base; path = Base.lproj/LaunchScreen.xib; sourceTree = "<group>"; };
		CD3D8AD41B78078C00F7610B /* FormlessTests.xctest */ = {isa = PBXFileReference; explicitFileType = wrapper.cfbundle; includeInIndex = 0; path = FormlessTests.xctest; sourceTree = BUILT_PRODUCTS_DIR; };
		CD3D8AD91B78078C00F7610B /* Info.plist */ = {isa = PBXFileReference; lastKnownFileType = text.plist.xml; path = Info.plist; sourceTree = "<group>"; };
		CD3D8ADA1B78078C00F7610B /* FormlessTests.swift */ = {isa = PBXFileReference; lastKnownFileType = sourcecode.swift; path = FormlessTests.swift; sourceTree = "<group>"; };
		CD3D8AE81B782F9300F7610B /* RootViewController.swift */ = {isa = PBXFileReference; fileEncoding = 4; lastKnownFileType = sourcecode.swift; name = RootViewController.swift; path = ViewControllers/RootViewController.swift; sourceTree = "<group>"; };
		CD3D8AEC1B782FD400F7610B /* CityViewController.swift */ = {isa = PBXFileReference; fileEncoding = 4; lastKnownFileType = sourcecode.swift; name = CityViewController.swift; path = ViewControllers/City/CityViewController.swift; sourceTree = "<group>"; };
		CD3D8AF01B7835B100F7610B /* CitySearchView.swift */ = {isa = PBXFileReference; fileEncoding = 4; lastKnownFileType = sourcecode.swift; name = CitySearchView.swift; path = Views/City/CitySearchView.swift; sourceTree = "<group>"; };
		CD3D8AF41B783A1100F7610B /* SearchView.swift */ = {isa = PBXFileReference; fileEncoding = 4; lastKnownFileType = sourcecode.swift; name = SearchView.swift; path = Views/SearchView.swift; sourceTree = "<group>"; };
		CD3D8AF61B786F0600F7610B /* TableView.swift */ = {isa = PBXFileReference; fileEncoding = 4; lastKnownFileType = sourcecode.swift; name = TableView.swift; path = Views/TableView.swift; sourceTree = "<group>"; };
		CD3D8AF91B786F8400F7610B /* TableViewCell.swift */ = {isa = PBXFileReference; fileEncoding = 4; lastKnownFileType = sourcecode.swift; name = TableViewCell.swift; path = Views/Cells/TableViewCell.swift; sourceTree = "<group>"; };
		CD3D8AFC1B78716B00F7610B /* CMLText.swift */ = {isa = PBXFileReference; fileEncoding = 4; lastKnownFileType = sourcecode.swift; name = CMLText.swift; path = Utilities/CMLText.swift; sourceTree = "<group>"; };
/* End PBXFileReference section */

/* Begin PBXFrameworksBuildPhase section */
		CD3D8AB91B78078C00F7610B /* Frameworks */ = {
			isa = PBXFrameworksBuildPhase;
			buildActionMask = 2147483647;
			files = (
			);
			runOnlyForDeploymentPostprocessing = 0;
		};
		CD3D8AD11B78078C00F7610B /* Frameworks */ = {
			isa = PBXFrameworksBuildPhase;
			buildActionMask = 2147483647;
			files = (
			);
			runOnlyForDeploymentPostprocessing = 0;
		};
/* End PBXFrameworksBuildPhase section */

/* Begin PBXGroup section */
		CD3D8AB31B78078C00F7610B = {
			isa = PBXGroup;
			children = (
				CD3D8ABE1B78078C00F7610B /* Formless */,
				CD3D8AD71B78078C00F7610B /* FormlessTests */,
				CD3D8ABD1B78078C00F7610B /* Products */,
			);
			sourceTree = "<group>";
		};
		CD3D8ABD1B78078C00F7610B /* Products */ = {
			isa = PBXGroup;
			children = (
				CD3D8ABC1B78078C00F7610B /* Formless.app */,
				CD3D8AD41B78078C00F7610B /* FormlessTests.xctest */,
			);
			name = Products;
			sourceTree = "<group>";
		};
		CD3D8ABE1B78078C00F7610B /* Formless */ = {
			isa = PBXGroup;
			children = (
				CD3D8AC11B78078C00F7610B /* AppDelegate.swift */,
				CD3D8AE61B782F5700F7610B /* ViewControllers */,
				CD3D8AE71B782F6700F7610B /* Views */,
				CD3D8AFB1B78715200F7610B /* Utilities */,
				CD3D8ACB1B78078C00F7610B /* Images.xcassets */,
				CD3D8ACD1B78078C00F7610B /* LaunchScreen.xib */,
				CD3D8AC31B78078C00F7610B /* Formless.xcdatamodeld */,
				CD3D8ABF1B78078C00F7610B /* Supporting Files */,
			);
			path = Formless;
			sourceTree = "<group>";
		};
		CD3D8ABF1B78078C00F7610B /* Supporting Files */ = {
			isa = PBXGroup;
			children = (
				CD3D8AC01B78078C00F7610B /* Info.plist */,
			);
			name = "Supporting Files";
			sourceTree = "<group>";
		};
		CD3D8AD71B78078C00F7610B /* FormlessTests */ = {
			isa = PBXGroup;
			children = (
				CD3D8ADA1B78078C00F7610B /* FormlessTests.swift */,
				CD3D8AD81B78078C00F7610B /* Supporting Files */,
			);
			path = FormlessTests;
			sourceTree = "<group>";
		};
		CD3D8AD81B78078C00F7610B /* Supporting Files */ = {
			isa = PBXGroup;
			children = (
				CD3D8AD91B78078C00F7610B /* Info.plist */,
			);
			name = "Supporting Files";
			sourceTree = "<group>";
		};
		CD3D8AE61B782F5700F7610B /* ViewControllers */ = {
			isa = PBXGroup;
			children = (
				CD3D8AE81B782F9300F7610B /* RootViewController.swift */,
				CD3D8AEA1B782FA000F7610B /* City */,
			);
			name = ViewControllers;
			sourceTree = "<group>";
		};
		CD3D8AE71B782F6700F7610B /* Views */ = {
			isa = PBXGroup;
			children = (
				CD3D8AF41B783A1100F7610B /* SearchView.swift */,
				CD3D8AF61B786F0600F7610B /* TableView.swift */,
				CD3D8AEB1B782FB300F7610B /* City */,
				CD3D8AF81B786F4500F7610B /* Cells */,
			);
			name = Views;
			sourceTree = "<group>";
		};
		CD3D8AEA1B782FA000F7610B /* City */ = {
			isa = PBXGroup;
			children = (
				CD3D8AEC1B782FD400F7610B /* CityViewController.swift */,
			);
			name = City;
			sourceTree = "<group>";
		};
		CD3D8AEB1B782FB300F7610B /* City */ = {
			isa = PBXGroup;
			children = (
				CD3D8AF01B7835B100F7610B /* CitySearchView.swift */,
			);
			name = City;
			sourceTree = "<group>";
		};
		CD3D8AF81B786F4500F7610B /* Cells */ = {
			isa = PBXGroup;
			children = (
				CD3D8AF91B786F8400F7610B /* TableViewCell.swift */,
			);
			name = Cells;
			sourceTree = "<group>";
		};
		CD3D8AFB1B78715200F7610B /* Utilities */ = {
			isa = PBXGroup;
			children = (
				CD3D8AFC1B78716B00F7610B /* CMLText.swift */,
			);
			name = Utilities;
			sourceTree = "<group>";
		};
/* End PBXGroup section */

/* Begin PBXNativeTarget section */
		CD3D8ABB1B78078C00F7610B /* Formless */ = {
			isa = PBXNativeTarget;
			buildConfigurationList = CD3D8ADE1B78078C00F7610B /* Build configuration list for PBXNativeTarget "Formless" */;
			buildPhases = (
				CD3D8AB81B78078C00F7610B /* Sources */,
				CD3D8AB91B78078C00F7610B /* Frameworks */,
				CD3D8ABA1B78078C00F7610B /* Resources */,
			);
			buildRules = (
			);
			dependencies = (
			);
			name = Formless;
			productName = Formless;
			productReference = CD3D8ABC1B78078C00F7610B /* Formless.app */;
			productType = "com.apple.product-type.application";
		};
		CD3D8AD31B78078C00F7610B /* FormlessTests */ = {
			isa = PBXNativeTarget;
			buildConfigurationList = CD3D8AE11B78078C00F7610B /* Build configuration list for PBXNativeTarget "FormlessTests" */;
			buildPhases = (
				CD3D8AD01B78078C00F7610B /* Sources */,
				CD3D8AD11B78078C00F7610B /* Frameworks */,
				CD3D8AD21B78078C00F7610B /* Resources */,
			);
			buildRules = (
			);
			dependencies = (
				CD3D8AD61B78078C00F7610B /* PBXTargetDependency */,
			);
			name = FormlessTests;
			productName = FormlessTests;
			productReference = CD3D8AD41B78078C00F7610B /* FormlessTests.xctest */;
			productType = "com.apple.product-type.bundle.unit-test";
		};
/* End PBXNativeTarget section */

/* Begin PBXProject section */
		CD3D8AB41B78078C00F7610B /* Project object */ = {
			isa = PBXProject;
			attributes = {
				LastUpgradeCheck = 0640;
				ORGANIZATIONNAME = "Zachary Stegall";
				TargetAttributes = {
					CD3D8ABB1B78078C00F7610B = {
						CreatedOnToolsVersion = 6.4;
					};
					CD3D8AD31B78078C00F7610B = {
						CreatedOnToolsVersion = 6.4;
						TestTargetID = CD3D8ABB1B78078C00F7610B;
					};
				};
			};
			buildConfigurationList = CD3D8AB71B78078C00F7610B /* Build configuration list for PBXProject "Formless" */;
			compatibilityVersion = "Xcode 3.2";
			developmentRegion = English;
			hasScannedForEncodings = 0;
			knownRegions = (
				en,
				Base,
			);
			mainGroup = CD3D8AB31B78078C00F7610B;
			productRefGroup = CD3D8ABD1B78078C00F7610B /* Products */;
			projectDirPath = "";
			projectRoot = "";
			targets = (
				CD3D8ABB1B78078C00F7610B /* Formless */,
				CD3D8AD31B78078C00F7610B /* FormlessTests */,
			);
		};
/* End PBXProject section */

/* Begin PBXResourcesBuildPhase section */
		CD3D8ABA1B78078C00F7610B /* Resources */ = {
			isa = PBXResourcesBuildPhase;
			buildActionMask = 2147483647;
			files = (
				CD3D8ACF1B78078C00F7610B /* LaunchScreen.xib in Resources */,
				CD3D8ACC1B78078C00F7610B /* Images.xcassets in Resources */,
			);
			runOnlyForDeploymentPostprocessing = 0;
		};
		CD3D8AD21B78078C00F7610B /* Resources */ = {
			isa = PBXResourcesBuildPhase;
			buildActionMask = 2147483647;
			files = (
			);
			runOnlyForDeploymentPostprocessing = 0;
		};
/* End PBXResourcesBuildPhase section */

/* Begin PBXSourcesBuildPhase section */
		CD3D8AB81B78078C00F7610B /* Sources */ = {
			isa = PBXSourcesBuildPhase;
			buildActionMask = 2147483647;
			files = (
				CD3D8AC51B78078C00F7610B /* Formless.xcdatamodeld in Sources */,
				CD3D8AFA1B786F8400F7610B /* TableViewCell.swift in Sources */,
				CD3D8AC21B78078C00F7610B /* AppDelegate.swift in Sources */,
				CD3D8AE91B782F9300F7610B /* RootViewController.swift in Sources */,
				CD3D8AF71B786F0600F7610B /* TableView.swift in Sources */,
				CD3D8AF11B7835B100F7610B /* CitySearchView.swift in Sources */,
				CD3D8AF51B783A1100F7610B /* SearchView.swift in Sources */,
				CD3D8AED1B782FD400F7610B /* CityViewController.swift in Sources */,
				CD3D8AFD1B78716B00F7610B /* CMLText.swift in Sources */,
			);
			runOnlyForDeploymentPostprocessing = 0;
		};
		CD3D8AD01B78078C00F7610B /* Sources */ = {
			isa = PBXSourcesBuildPhase;
			buildActionMask = 2147483647;
			files = (
				CD3D8ADB1B78078C00F7610B /* FormlessTests.swift in Sources */,
			);
			runOnlyForDeploymentPostprocessing = 0;
		};
/* End PBXSourcesBuildPhase section */

/* Begin PBXTargetDependency section */
		CD3D8AD61B78078C00F7610B /* PBXTargetDependency */ = {
			isa = PBXTargetDependency;
			target = CD3D8ABB1B78078C00F7610B /* Formless */;
			targetProxy = CD3D8AD51B78078C00F7610B /* PBXContainerItemProxy */;
		};
/* End PBXTargetDependency section */

/* Begin PBXVariantGroup section */
		CD3D8ACD1B78078C00F7610B /* LaunchScreen.xib */ = {
			isa = PBXVariantGroup;
			children = (
				CD3D8ACE1B78078C00F7610B /* Base */,
			);
			name = LaunchScreen.xib;
			sourceTree = "<group>";
		};
/* End PBXVariantGroup section */

/* Begin XCBuildConfiguration section */
		CD3D8ADC1B78078C00F7610B /* Debug */ = {
			isa = XCBuildConfiguration;
			buildSettings = {
				ALWAYS_SEARCH_USER_PATHS = NO;
				CLANG_CXX_LANGUAGE_STANDARD = "gnu++0x";
				CLANG_CXX_LIBRARY = "libc++";
				CLANG_ENABLE_MODULES = YES;
				CLANG_ENABLE_OBJC_ARC = YES;
				CLANG_WARN_BOOL_CONVERSION = YES;
				CLANG_WARN_CONSTANT_CONVERSION = YES;
				CLANG_WARN_DIRECT_OBJC_ISA_USAGE = YES_ERROR;
				CLANG_WARN_EMPTY_BODY = YES;
				CLANG_WARN_ENUM_CONVERSION = YES;
				CLANG_WARN_INT_CONVERSION = YES;
				CLANG_WARN_OBJC_ROOT_CLASS = YES_ERROR;
				CLANG_WARN_UNREACHABLE_CODE = YES;
				CLANG_WARN__DUPLICATE_METHOD_MATCH = YES;
				"CODE_SIGN_IDENTITY[sdk=iphoneos*]" = "iPhone Developer";
				COPY_PHASE_STRIP = NO;
				DEBUG_INFORMATION_FORMAT = "dwarf-with-dsym";
				ENABLE_STRICT_OBJC_MSGSEND = YES;
				GCC_C_LANGUAGE_STANDARD = gnu99;
				GCC_DYNAMIC_NO_PIC = NO;
				GCC_NO_COMMON_BLOCKS = YES;
				GCC_OPTIMIZATION_LEVEL = 0;
				GCC_PREPROCESSOR_DEFINITIONS = (
					"DEBUG=1",
					"$(inherited)",
				);
				GCC_SYMBOLS_PRIVATE_EXTERN = NO;
				GCC_WARN_64_TO_32_BIT_CONVERSION = YES;
				GCC_WARN_ABOUT_RETURN_TYPE = YES_ERROR;
				GCC_WARN_UNDECLARED_SELECTOR = YES;
				GCC_WARN_UNINITIALIZED_AUTOS = YES_AGGRESSIVE;
				GCC_WARN_UNUSED_FUNCTION = YES;
				GCC_WARN_UNUSED_VARIABLE = YES;
				IPHONEOS_DEPLOYMENT_TARGET = 8.4;
				MTL_ENABLE_DEBUG_INFO = YES;
				ONLY_ACTIVE_ARCH = YES;
				SDKROOT = iphoneos;
				SWIFT_OPTIMIZATION_LEVEL = "-Onone";
				TARGETED_DEVICE_FAMILY = "1,2";
			};
			name = Debug;
		};
		CD3D8ADD1B78078C00F7610B /* Release */ = {
			isa = XCBuildConfiguration;
			buildSettings = {
				ALWAYS_SEARCH_USER_PATHS = NO;
				CLANG_CXX_LANGUAGE_STANDARD = "gnu++0x";
				CLANG_CXX_LIBRARY = "libc++";
				CLANG_ENABLE_MODULES = YES;
				CLANG_ENABLE_OBJC_ARC = YES;
				CLANG_WARN_BOOL_CONVERSION = YES;
				CLANG_WARN_CONSTANT_CONVERSION = YES;
				CLANG_WARN_DIRECT_OBJC_ISA_USAGE = YES_ERROR;
				CLANG_WARN_EMPTY_BODY = YES;
				CLANG_WARN_ENUM_CONVERSION = YES;
				CLANG_WARN_INT_CONVERSION = YES;
				CLANG_WARN_OBJC_ROOT_CLASS = YES_ERROR;
				CLANG_WARN_UNREACHABLE_CODE = YES;
				CLANG_WARN__DUPLICATE_METHOD_MATCH = YES;
				"CODE_SIGN_IDENTITY[sdk=iphoneos*]" = "iPhone Developer";
				COPY_PHASE_STRIP = NO;
				DEBUG_INFORMATION_FORMAT = "dwarf-with-dsym";
				ENABLE_NS_ASSERTIONS = NO;
				ENABLE_STRICT_OBJC_MSGSEND = YES;
				GCC_C_LANGUAGE_STANDARD = gnu99;
				GCC_NO_COMMON_BLOCKS = YES;
				GCC_WARN_64_TO_32_BIT_CONVERSION = YES;
				GCC_WARN_ABOUT_RETURN_TYPE = YES_ERROR;
				GCC_WARN_UNDECLARED_SELECTOR = YES;
				GCC_WARN_UNINITIALIZED_AUTOS = YES_AGGRESSIVE;
				GCC_WARN_UNUSED_FUNCTION = YES;
				GCC_WARN_UNUSED_VARIABLE = YES;
				IPHONEOS_DEPLOYMENT_TARGET = 8.4;
				MTL_ENABLE_DEBUG_INFO = NO;
				SDKROOT = iphoneos;
				TARGETED_DEVICE_FAMILY = "1,2";
				VALIDATE_PRODUCT = YES;
			};
			name = Release;
		};
		CD3D8ADF1B78078C00F7610B /* Debug */ = {
			isa = XCBuildConfiguration;
			buildSettings = {
				ASSETCATALOG_COMPILER_APPICON_NAME = AppIcon;
				INFOPLIST_FILE = Formless/Info.plist;
				LD_RUNPATH_SEARCH_PATHS = "$(inherited) @executable_path/Frameworks";
				PRODUCT_NAME = "$(TARGET_NAME)";
			};
			name = Debug;
		};
		CD3D8AE01B78078C00F7610B /* Release */ = {
			isa = XCBuildConfiguration;
			buildSettings = {
				ASSETCATALOG_COMPILER_APPICON_NAME = AppIcon;
				INFOPLIST_FILE = Formless/Info.plist;
				LD_RUNPATH_SEARCH_PATHS = "$(inherited) @executable_path/Frameworks";
				PRODUCT_NAME = "$(TARGET_NAME)";
			};
			name = Release;
		};
		CD3D8AE21B78078C00F7610B /* Debug */ = {
			isa = XCBuildConfiguration;
			buildSettings = {
				BUNDLE_LOADER = "$(TEST_HOST)";
				FRAMEWORK_SEARCH_PATHS = (
					"$(SDKROOT)/Developer/Library/Frameworks",
					"$(inherited)",
				);
				GCC_PREPROCESSOR_DEFINITIONS = (
					"DEBUG=1",
					"$(inherited)",
				);
				INFOPLIST_FILE = FormlessTests/Info.plist;
				LD_RUNPATH_SEARCH_PATHS = "$(inherited) @executable_path/Frameworks @loader_path/Frameworks";
				PRODUCT_NAME = "$(TARGET_NAME)";
				TEST_HOST = "$(BUILT_PRODUCTS_DIR)/Formless.app/Formless";
			};
			name = Debug;
		};
		CD3D8AE31B78078C00F7610B /* Release */ = {
			isa = XCBuildConfiguration;
			buildSettings = {
				BUNDLE_LOADER = "$(TEST_HOST)";
				FRAMEWORK_SEARCH_PATHS = (
					"$(SDKROOT)/Developer/Library/Frameworks",
					"$(inherited)",
				);
				INFOPLIST_FILE = FormlessTests/Info.plist;
				LD_RUNPATH_SEARCH_PATHS = "$(inherited) @executable_path/Frameworks @loader_path/Frameworks";
				PRODUCT_NAME = "$(TARGET_NAME)";
				TEST_HOST = "$(BUILT_PRODUCTS_DIR)/Formless.app/Formless";
			};
			name = Release;
		};
/* End XCBuildConfiguration section */

/* Begin XCConfigurationList section */
		CD3D8AB71B78078C00F7610B /* Build configuration list for PBXProject "Formless" */ = {
			isa = XCConfigurationList;
			buildConfigurations = (
				CD3D8ADC1B78078C00F7610B /* Debug */,
				CD3D8ADD1B78078C00F7610B /* Release */,
			);
			defaultConfigurationIsVisible = 0;
			defaultConfigurationName = Release;
		};
		CD3D8ADE1B78078C00F7610B /* Build configuration list for PBXNativeTarget "Formless" */ = {
			isa = XCConfigurationList;
			buildConfigurations = (
				CD3D8ADF1B78078C00F7610B /* Debug */,
				CD3D8AE01B78078C00F7610B /* Release */,
			);
			defaultConfigurationIsVisible = 0;
			defaultConfigurationName = Release;
		};
		CD3D8AE11B78078C00F7610B /* Build configuration list for PBXNativeTarget "FormlessTests" */ = {
			isa = XCConfigurationList;
			buildConfigurations = (
				CD3D8AE21B78078C00F7610B /* Debug */,
				CD3D8AE31B78078C00F7610B /* Release */,
			);
			defaultConfigurationIsVisible = 0;
			defaultConfigurationName = Release;
		};
/* End XCConfigurationList section */

/* Begin XCVersionGroup section */
		CD3D8AC31B78078C00F7610B /* Formless.xcdatamodeld */ = {
			isa = XCVersionGroup;
			children = (
				CD3D8AC41B78078C00F7610B /* Formless.xcdatamodel */,
			);
			currentVersion = CD3D8AC41B78078C00F7610B /* Formless.xcdatamodel */;
			path = Formless.xcdatamodeld;
			sourceTree = "<group>";
			versionGroupType = wrapper.xcdatamodel;
		};
/* End XCVersionGroup section */
	};
	rootObject = CD3D8AB41B78078C00F7610B /* Project object */;
}
